Microsoft Visual Studio Solution File, Format Version 8.00
Project("{8BC9CEB8-8B4A-11D0-8D11-00A0C91BC942}") = "NewKey", "NewKey.vcproj", "{68B9C849-93B6-46B0-AC7F-A6842BB3A3FD}"
	ProjectSection(ProjectDependencies) = postProject
		{C5FAE9A0-EF3C-48FE-9F21-7F4483FAE174} = {C5FAE9A0-EF3C-48FE-9F21-7F4483FAE174}
		{C73E02A4-98C0-4ABA-9EFA-F91FFF5B12B3} = {C73E02A4-98C0-4ABA-9EFA-F91FFF5B12B3}
		{C8E1E2A8-85CE-4180-A5EC-CE7BE299C0D7} = {C8E1E2A8-85CE-4180-A5EC-CE7BE299C0D7}
		{F7CED1F1-2A71-4E1B-8BE2-E11B30FFD1E5} = {F7CED1F1-2A71-4E1B-8BE2-E11B30FFD1E5}
	EndProjectSection
EndProject
Project("{8BC9CEB8-8B4A-11D0-8D11-00A0C91BC942}") = "byteio", "..\byteio\byteio.vcproj", "{C73E02A4-98C0-4ABA-9EFA-F91FFF5B12B3}"
	ProjectSection(ProjectDependencies) = postProject
	EndProjectSection
EndProject
Project("{8BC9CEB8-8B4A-11D0-8D11-00A0C91BC942}") = "keyhook", "..\KEYHOOK\Keyhook.vcproj", "{F7CED1F1-2A71-4E1B-8BE2-E11B30FFD1E5}"
	ProjectSection(ProjectDependencies) = postProject
	EndProjectSection
EndProject
Project("{8BC9CEB8-8B4A-11D0-8D11-00A0C91BC942}") = "uvconvert", "..\uvconvert\uvconvert.vcproj", "{53A1F81A-E4AC-4DD7-BEDE-313029524724}"
	ProjectSection(ProjectDependencies) = postProject
		{C73E02A4-98C0-4ABA-9EFA-F91FFF5B12B3} = {C73E02A4-98C0-4ABA-9EFA-F91FFF5B12B3}
		{C8E1E2A8-85CE-4180-A5EC-CE7BE299C0D7} = {C8E1E2A8-85CE-4180-A5EC-CE7BE299C0D7}
	EndProjectSection
EndProject
Project("{8BC9CEB8-8B4A-11D0-8D11-00A0C91BC942}") = "vnconv", "..\vnconv\vnconv.vcproj", "{C8E1E2A8-85CE-4180-A5EC-CE7BE299C0D7}"
	ProjectSection(ProjectDependencies) = postProject
	EndProjectSection
EndProject
Project("{8BC9CEB8-8B4A-11D0-8D11-00A0C91BC942}") = "rtfio", "..\rtfio\rtfio.vcproj", "{C5FAE9A0-EF3C-48FE-9F21-7F4483FAE174}"
	ProjectSection(ProjectDependencies) = postProject
	EndProjectSection
EndProject
Global
	GlobalSection(SolutionConfiguration) = preSolution
		Debug = Debug
		Release = Release
		Release DLL = Release DLL
		Unicode Release = Unicode Release
	EndGlobalSection
	GlobalSection(ProjectConfiguration) = postSolution
		{68B9C849-93B6-46B0-AC7F-A6842BB3A3FD}.Debug.ActiveCfg = Debug|Win32
		{68B9C849-93B6-46B0-AC7F-A6842BB3A3FD}.Debug.Build.0 = Debug|Win32
		{68B9C849-93B6-46B0-AC7F-A6842BB3A3FD}.Release.ActiveCfg = Release|Win32
		{68B9C849-93B6-46B0-AC7F-A6842BB3A3FD}.Release.Build.0 = Release|Win32
		{68B9C849-93B6-46B0-AC7F-A6842BB3A3FD}.Release DLL.ActiveCfg = Release|Win32
		{68B9C849-93B6-46B0-AC7F-A6842BB3A3FD}.Release DLL.Build.0 = Release|Win32
		{68B9C849-93B6-46B0-AC7F-A6842BB3A3FD}.Unicode Release.ActiveCfg = Unicode Release|Win32
		{68B9C849-93B6-46B0-AC7F-A6842BB3A3FD}.Unicode Release.Build.0 = Unicode Release|Win32
		{C73E02A4-98C0-4ABA-9EFA-F91FFF5B12B3}.Debug.ActiveCfg = Debug|Win32
		{C73E02A4-98C0-4ABA-9EFA-F91FFF5B12B3}.Debug.Build.0 = Debug|Win32
		{C73E02A4-98C0-4ABA-9EFA-F91FFF5B12B3}.Release.ActiveCfg = Release|Win32
		{C73E02A4-98C0-4ABA-9EFA-F91FFF5B12B3}.Release.Build.0 = Release|Win32
		{C73E02A4-98C0-4ABA-9EFA-F91FFF5B12B3}.Release DLL.ActiveCfg = Release|Win32
		{C73E02A4-98C0-4ABA-9EFA-F91FFF5B12B3}.Release DLL.Build.0 = Release|Win32
		{C73E02A4-98C0-4ABA-9EFA-F91FFF5B12B3}.Unicode Release.ActiveCfg = Release|Win32
		{C73E02A4-98C0-4ABA-9EFA-F91FFF5B12B3}.Unicode Release.Build.0 = Release|Win32
		{F7CED1F1-2A71-4E1B-8BE2-E11B30FFD1E5}.Debug.ActiveCfg = Debug|Win32
		{F7CED1F1-2A71-4E1B-8BE2-E11B30FFD1E5}.Debug.Build.0 = Debug|Win32
		{F7CED1F1-2A71-4E1B-8BE2-E11B30FFD1E5}.Release.ActiveCfg = Release|Win32
		{F7CED1F1-2A71-4E1B-8BE2-E11B30FFD1E5}.Release.Build.0 = Release|Win32
		{F7CED1F1-2A71-4E1B-8BE2-E11B30FFD1E5}.Release DLL.ActiveCfg = Release|Win32
		{F7CED1F1-2A71-4E1B-8BE2-E11B30FFD1E5}.Release DLL.Build.0 = Release|Win32
		{F7CED1F1-2A71-4E1B-8BE2-E11B30FFD1E5}.Unicode Release.ActiveCfg = Release|Win32
		{F7CED1F1-2A71-4E1B-8BE2-E11B30FFD1E5}.Unicode Release.Build.0 = Release|Win32
		{53A1F81A-E4AC-4DD7-BEDE-313029524724}.Debug.ActiveCfg = Debug|Win32
		{53A1F81A-E4AC-4DD7-BEDE-313029524724}.Debug.Build.0 = Debug|Win32
		{53A1F81A-E4AC-4DD7-BEDE-313029524724}.Release.ActiveCfg = Release|Win32
		{53A1F81A-E4AC-4DD7-BEDE-313029524724}.Release.Build.0 = Release|Win32
		{53A1F81A-E4AC-4DD7-BEDE-313029524724}.Release DLL.ActiveCfg = Release|Win32
		{53A1F81A-E4AC-4DD7-BEDE-313029524724}.Release DLL.Build.0 = Release|Win32
		{53A1F81A-E4AC-4DD7-BEDE-313029524724}.Unicode Release.ActiveCfg = Release|Win32
		{53A1F81A-E4AC-4DD7-BEDE-313029524724}.Unicode Release.Build.0 = Release|Win32
		{C8E1E2A8-85CE-4180-A5EC-CE7BE299C0D7}.Debug.ActiveCfg = Debug|Win32
		{C8E1E2A8-85CE-4180-A5EC-CE7BE299C0D7}.Debug.Build.0 = Debug|Win32
		{C8E1E2A8-85CE-4180-A5EC-CE7BE299C0D7}.Release.ActiveCfg = Release|Win32
		{C8E1E2A8-85CE-4180-A5EC-CE7BE299C0D7}.Release.Build.0 = Release|Win32
		{C8E1E2A8-85CE-4180-A5EC-CE7BE299C0D7}.Release DLL.ActiveCfg = Release|Win32
		{C8E1E2A8-85CE-4180-A5EC-CE7BE299C0D7}.Release DLL.Build.0 = Release|Win32
		{C8E1E2A8-85CE-4180-A5EC-CE7BE299C0D7}.Unicode Release.ActiveCfg = Release|Win32
		{C8E1E2A8-85CE-4180-A5EC-CE7BE299C0D7}.Unicode Release.Build.0 = Release|Win32
		{C5FAE9A0-EF3C-48FE-9F21-7F4483FAE174}.Debug.ActiveCfg = Debug|Win32
		{C5FAE9A0-EF3C-48FE-9F21-7F4483FAE174}.Debug.Build.0 = Debug|Win32
		{C5FAE9A0-EF3C-48FE-9F21-7F4483FAE174}.Release.ActiveCfg = Release|Win32
		{C5FAE9A0-EF3C-48FE-9F21-7F4483FAE174}.Release.Build.0 = Release|Win32
		{C5FAE9A0-EF3C-48FE-9F21-7F4483FAE174}.Release DLL.ActiveCfg = Release DLL|Win32
		{C5FAE9A0-EF3C-48FE-9F21-7F4483FAE174}.Release DLL.Build.0 = Release DLL|Win32
		{C5FAE9A0-EF3C-48FE-9F21-7F4483FAE174}.Unicode Release.ActiveCfg = Release|Win32
		{C5FAE9A0-EF3C-48FE-9F21-7F4483FAE174}.Unicode Release.Build.0 = Release|Win32
	EndGlobalSection
	GlobalSection(ExtensibilityGlobals) = postSolution
	EndGlobalSection
	GlobalSection(ExtensibilityAddIns) = postSolution
	EndGlobalSection
EndGlobal
